
Microsoft Visual Studio Solution File, Format Version 12.00
# Visual Studio 15
Project("{FAE04EC0-301F-11D3-BF4B-00C04F79EFBC}") = "tabuadasimples", "tabuadasimples\tabuadasimples.csproj", "{29CEFB2E-5B26-419A-A89A-CBD46216EEAD}"
EndProject
Global
	GlobalSection(SolutionConfigurationPlatforms) = preSolution
		Debug|anycpu = Debug|anycpu
		Release|anycpu = Release|anycpu
	EndGlobalSection
	GlobalSection(ProjectConfigurationPlatforms) = postSolution
		{29CEFB2E-5B26-419A-A89A-CBD46216EEAD}.Debug|anycpu.ActiveCfg = Debug|anycpu
		{29CEFB2E-5B26-419A-A89A-CBD46216EEAD}.Debug|anycpu.Build.0 = Debug|anycpu
		{29CEFB2E-5B26-419A-A89A-CBD46216EEAD}.Release|anycpu.ActiveCfg = Release|anycpu
		{29CEFB2E-5B26-419A-A89A-CBD46216EEAD}.Release|anycpu.Build.0 = Release|anycpu
	EndGlobalSection
EndGlobal
